
Microsoft Visual Studio Solution File, Format Version 12.00
# Visual Studio Version 17
VisualStudioVersion = 17.12.35527.113
MinimumVisualStudioVersion = 10.0.40219.1
Project("{FAE04EC0-301F-11D3-BF4B-00C04F79EFBC}") = "Spring2025_P1", "Spring2025_P1\Spring2025_P1.csproj", "{3E54CC00-B1E3-4E31-B5F6-D0A79BA8D4E5}"
EndProject
Project("{FAE04EC0-301F-11D3-BF4B-00C04F79EFBC}") = "Library.eCommerce", "Library.eCommerce\Library.eCommerce.csproj", "{B4C8361F-BDFC-4518-8441-262F23B1BB6B}"
EndProject
Project("{FAE04EC0-301F-11D3-BF4B-00C04F79EFBC}") = "Maiu.eCommerce", "Maiu.eCommerce\Maiu.eCommerce.csproj", "{9A3678FF-D257-42C4-9044-13A384FF22DA}"
EndProject
Global
	GlobalSection(SolutionConfigurationPlatforms) = preSolution
		Debug|Any CPU = Debug|Any CPU
		Release|Any CPU = Release|Any CPU
	EndGlobalSection
	GlobalSection(ProjectConfigurationPlatforms) = postSolution
		{3E54CC00-B1E3-4E31-B5F6-D0A79BA8D4E5}.Debug|Any CPU.ActiveCfg = Debug|Any CPU
		{3E54CC00-B1E3-4E31-B5F6-D0A79BA8D4E5}.Debug|Any CPU.Build.0 = Debug|Any CPU
		{3E54CC00-B1E3-4E31-B5F6-D0A79BA8D4E5}.Release|Any CPU.ActiveCfg = Release|Any CPU
		{3E54CC00-B1E3-4E31-B5F6-D0A79BA8D4E5}.Release|Any CPU.Build.0 = Release|Any CPU
		{B4C8361F-BDFC-4518-8441-262F23B1BB6B}.Debug|Any CPU.ActiveCfg = Debug|Any CPU
		{B4C8361F-BDFC-4518-8441-262F23B1BB6B}.Debug|Any CPU.Build.0 = Debug|Any CPU
		{B4C8361F-BDFC-4518-8441-262F23B1BB6B}.Release|Any CPU.ActiveCfg = Release|Any CPU
		{B4C8361F-BDFC-4518-8441-262F23B1BB6B}.Release|Any CPU.Build.0 = Release|Any CPU
		{9A3678FF-D257-42C4-9044-13A384FF22DA}.Debug|Any CPU.ActiveCfg = Debug|Any CPU
		{9A3678FF-D257-42C4-9044-13A384FF22DA}.Debug|Any CPU.Build.0 = Debug|Any CPU
		{9A3678FF-D257-42C4-9044-13A384FF22DA}.Debug|Any CPU.Deploy.0 = Debug|Any CPU
		{9A3678FF-D257-42C4-9044-13A384FF22DA}.Release|Any CPU.ActiveCfg = Release|Any CPU
		{9A3678FF-D257-42C4-9044-13A384FF22DA}.Release|Any CPU.Build.0 = Release|Any CPU
		{9A3678FF-D257-42C4-9044-13A384FF22DA}.Release|Any CPU.Deploy.0 = Release|Any CPU
	EndGlobalSection
	GlobalSection(SolutionProperties) = preSolution
		HideSolutionNode = FALSE
	EndGlobalSection
EndGlobal
